{
  "version": 4,
  "terraform_version": "1.10.5",
  "serial": 26,
  "lineage": "4883ae8c-b044-653d-6798-04d22fc102b3",
  "outputs": {},
  "resources": [
    {
      "mode": "data",
      "type": "template_file",
      "name": "web_cloudinit",
      "provider": "provider[\"registry.terraform.io/hashicorp/template\"]",
      "instances": [
        {
          "schema_version": 0,
          "attributes": {
            "filename": null,
            "id": "2de89264edb1e028c3d6c9e85196c9563953c36b2c6168ea8741ef7e615039a8",
            "rendered": "#cloud-config\nusers:\n  - name: sergey\n    groups: sudo\n    shell: /bin/bash\n    sudo: ['ALL=(ALL) NOPASSWD:ALL']\n    ssh_authorized_keys:\n      - ssh-ed25519 AAAAC3NzaC1lZDI1NTE5AAAAIIMgGWoQ3haggyGQdiK+jK07LGfl3IumtrnLSpm/ENNs yandex cloud\n\npackage_update: true\npackage_upgrade: false\npackages: [\"vim\"]",
            "template": "#cloud-config\nusers:\n  - name: ${username}\n    groups: sudo\n    shell: /bin/bash\n    sudo: ['ALL=(ALL) NOPASSWD:ALL']\n    ssh_authorized_keys:\n      - ${ssh_public_key}\npackage_update: true\npackage_upgrade: false\npackages: ${packages}",
            "vars": {
              "packages": "[\"vim\"]",
              "ssh_public_key": "ssh-ed25519 AAAAC3NzaC1lZDI1NTE5AAAAIIMgGWoQ3haggyGQdiK+jK07LGfl3IumtrnLSpm/ENNs yandex cloud\n",
              "username": "sergey"
            }
          },
          "sensitive_attributes": []
        }
      ]
    },
    {
      "mode": "managed",
      "type": "local_file",
      "name": "inventory",
      "provider": "provider[\"registry.terraform.io/hashicorp/local\"]",
      "instances": [
        {
          "schema_version": 0,
          "attributes": {
            "content": "---\nall:\n  children:\n    clickhouse:\n      hosts:\n        clickhouse-0.ru-central1.internal:\n          ansible_host: 158.160.45.124\n\n    vector:\n      hosts:\n        vector-0.ru-central1.internal:\n          ansible_host: 158.160.61.133\n        vector-1.ru-central1.internal:\n          ansible_host: 158.160.54.72\n\n    lighthouse:\n      hosts:\n        lighthouse-0.ru-central1.internal:\n          ansible_host: 89.169.152.71\n",
            "content_base64": null,
            "content_base64sha256": "w3sOeKQywAjFvRqo97SMlcBTOE1eATyAIgyAnSxeM6M=",
            "content_base64sha512": "njjuzUV6yqqCdgNJAK/UjybxfdmIQQt7SZ5ZuZUGpDzaEB2Mmho0zWgsa/F4w3yJDLHGuFUs8wqKqQ0Cs8y9jQ==",
            "content_md5": "e4b8ba0f9b25645434009049f6123c87",
            "content_sha1": "a40fc0f7f27461cb48dd0a9482852773e4698d8c",
            "content_sha256": "c37b0e78a432c008c5bd1aa8f7b48c95c053384d5e013c80220c809d2c5e33a3",
            "content_sha512": "9e38eecd457acaaa8276034900afd48f26f17dd988410b7b499e59b99506a43cda101d8c9a1a34cd682c6bf178c37c890cb1c6b8552cf30a8aa90d02b3ccbd8d",
            "directory_permission": "0777",
            "file_permission": "0777",
            "filename": "../playbook/inventory/prod.yml",
            "id": "a40fc0f7f27461cb48dd0a9482852773e4698d8c",
            "sensitive_content": null,
            "source": null
          },
          "sensitive_attributes": [
            [
              {
                "type": "get_attr",
                "value": "sensitive_content"
              }
            ]
          ],
          "dependencies": [
            "data.template_file.web_cloudinit",
            "module.clickhouse.data.yandex_compute_image.my_image",
            "module.clickhouse.yandex_compute_instance.vm",
            "module.lighthouse.data.yandex_compute_image.my_image",
            "module.lighthouse.yandex_compute_instance.vm",
            "module.vectors.data.yandex_compute_image.my_image",
            "module.vectors.yandex_compute_instance.vm",
            "module.vpc_prod.yandex_vpc_network.vpc",
            "module.vpc_prod.yandex_vpc_subnet.subnet"
          ]
        }
      ]
    },
    {
      "module": "module.clickhouse",
      "mode": "data",
      "type": "yandex_compute_image",
      "name": "my_image",
      "provider": "provider[\"registry.terraform.io/yandex-cloud/yandex\"]",
      "instances": [
        {
          "schema_version": 0,
          "attributes": {
            "created_at": "2025-03-10T11:06:28Z",
            "description": "centos 7",
            "family": "centos-7",
            "folder_id": "standard-images",
            "hardware_generation": [
              {
                "generation2_features": [],
                "legacy_features": [
                  {
                    "pci_topology": "PCI_TOPOLOGY_V1"
                  }
                ]
              }
            ],
            "id": "fd8g8g46t64bonuil32m",
            "image_id": "fd8g8g46t64bonuil32m",
            "kms_key_id": null,
            "labels": {},
            "min_disk_size": 10,
            "name": "centos-7-v20250310",
            "os_type": "linux",
            "pooled": true,
            "product_ids": [
              "f2eto261ded0m2fvpq3l"
            ],
            "size": 2,
            "status": "ready"
          },
          "sensitive_attributes": []
        }
      ]
    },
    {
      "module": "module.clickhouse",
      "mode": "managed",
      "type": "yandex_compute_instance",
      "name": "vm",
      "provider": "provider[\"registry.terraform.io/yandex-cloud/yandex\"]",
      "instances": [
        {
          "index_key": 0,
          "schema_version": 1,
          "attributes": {
            "allow_recreate": null,
            "allow_stopping_for_update": true,
            "boot_disk": [
              {
                "auto_delete": true,
                "device_name": "fhm4r797cjbs1c9n0fgo",
                "disk_id": "fhm4r797cjbs1c9n0fgo",
                "initialize_params": [
                  {
                    "block_size": 4096,
                    "description": "",
                    "image_id": "fd8g8g46t64bonuil32m",
                    "kms_key_id": "",
                    "name": "",
                    "size": 30,
                    "snapshot_id": "",
                    "type": "network-hdd"
                  }
                ],
                "mode": "READ_WRITE"
              }
            ],
            "created_at": "2025-03-12T10:06:01Z",
            "description": "TODO: description; {{terraform managed}}",
            "filesystem": [],
            "folder_id": "b1gghlg0i9r4su8up17l",
            "fqdn": "clickhouse-0.ru-central1.internal",
            "gpu_cluster_id": "",
            "hardware_generation": [
              {
                "generation2_features": [],
                "legacy_features": [
                  {
                    "pci_topology": "PCI_TOPOLOGY_V1"
                  }
                ]
              }
            ],
            "hostname": "clickhouse-0",
            "id": "fhmclkmoepb3a6l8lm8t",
            "labels": {
              "project": "undefined"
            },
            "local_disk": [],
            "maintenance_grace_period": "",
            "maintenance_policy": null,
            "metadata": {
              "serial-port-enable": "1",
              "user-data": "#cloud-config\nusers:\n  - name: sergey\n    groups: sudo\n    shell: /bin/bash\n    sudo: ['ALL=(ALL) NOPASSWD:ALL']\n    ssh_authorized_keys:\n      - ssh-ed25519 AAAAC3NzaC1lZDI1NTE5AAAAIIMgGWoQ3haggyGQdiK+jK07LGfl3IumtrnLSpm/ENNs yandex cloud\n\npackage_update: true\npackage_upgrade: false\npackages: [\"vim\"]"
            },
            "metadata_options": [
              {
                "aws_v1_http_endpoint": 1,
                "aws_v1_http_token": 2,
                "gce_http_endpoint": 1,
                "gce_http_token": 1
              }
            ],
            "name": "clickhouse-0",
            "network_acceleration_type": "standard",
            "network_interface": [
              {
                "dns_record": [],
                "index": 0,
                "ip_address": "10.0.1.19",
                "ipv4": true,
                "ipv6": false,
                "ipv6_address": "",
                "ipv6_dns_record": [],
                "mac_address": "d0:0d:ca:d2:d8:76",
                "nat": true,
                "nat_dns_record": [],
                "nat_ip_address": "158.160.45.124",
                "nat_ip_version": "IPV4",
                "security_group_ids": [],
                "subnet_id": "e9b3ib373eq5rdj5ikci"
              }
            ],
            "placement_policy": [
              {
                "host_affinity_rules": [],
                "placement_group_id": "",
                "placement_group_partition": 0
              }
            ],
            "platform_id": "standard-v1",
            "resources": [
              {
                "core_fraction": 5,
                "cores": 2,
                "gpus": 0,
                "memory": 4
              }
            ],
            "scheduling_policy": [
              {
                "preemptible": true
              }
            ],
            "secondary_disk": [],
            "service_account_id": "",
            "status": "running",
            "timeouts": null,
            "zone": "ru-central1-a"
          },
          "sensitive_attributes": [],
          "private": "eyJlMmJmYjczMC1lY2FhLTExZTYtOGY4OC0zNDM2M2JjN2M0YzAiOnsiY3JlYXRlIjozMDAwMDAwMDAwMDAsImRlbGV0ZSI6MzAwMDAwMDAwMDAwLCJ1cGRhdGUiOjMwMDAwMDAwMDAwMH0sInNjaGVtYV92ZXJzaW9uIjoiMSJ9",
          "dependencies": [
            "data.template_file.web_cloudinit",
            "module.clickhouse.data.yandex_compute_image.my_image",
            "module.vpc_prod.yandex_vpc_network.vpc",
            "module.vpc_prod.yandex_vpc_subnet.subnet"
          ]
        }
      ]
    },
    {
      "module": "module.lighthouse",
      "mode": "data",
      "type": "yandex_compute_image",
      "name": "my_image",
      "provider": "provider[\"registry.terraform.io/yandex-cloud/yandex\"]",
      "instances": [
        {
          "schema_version": 0,
          "attributes": {
            "created_at": "2025-03-10T11:03:32Z",
            "description": "ubuntu 20.04 lts",
            "family": "ubuntu-2004-lts",
            "folder_id": "standard-images",
            "hardware_generation": [
              {
                "generation2_features": [],
                "legacy_features": [
                  {
                    "pci_topology": "PCI_TOPOLOGY_V1"
                  }
                ]
              }
            ],
            "id": "fd84h56p8ucfgqroscfv",
            "image_id": "fd84h56p8ucfgqroscfv",
            "kms_key_id": null,
            "labels": {},
            "min_disk_size": 5,
            "name": "ubuntu-20-04-lts-v20250310",
            "os_type": "linux",
            "pooled": true,
            "product_ids": [
              "f2e2r5tivcajldch7367"
            ],
            "size": 4,
            "status": "ready"
          },
          "sensitive_attributes": []
        }
      ]
    },
    {
      "module": "module.lighthouse",
      "mode": "managed",
      "type": "yandex_compute_instance",
      "name": "vm",
      "provider": "provider[\"registry.terraform.io/yandex-cloud/yandex\"]",
      "instances": [
        {
          "index_key": 0,
          "schema_version": 1,
          "attributes": {
            "allow_recreate": null,
            "allow_stopping_for_update": true,
            "boot_disk": [
              {
                "auto_delete": true,
                "device_name": "fhmmpq5nn9pvfrkeb4hm",
                "disk_id": "fhmmpq5nn9pvfrkeb4hm",
                "initialize_params": [
                  {
                    "block_size": 4096,
                    "description": "",
                    "image_id": "fd84h56p8ucfgqroscfv",
                    "kms_key_id": "",
                    "name": "",
                    "size": 20,
                    "snapshot_id": "",
                    "type": "network-hdd"
                  }
                ],
                "mode": "READ_WRITE"
              }
            ],
            "created_at": "2025-03-12T10:06:01Z",
            "description": "TODO: description; {{terraform managed}}",
            "filesystem": [],
            "folder_id": "b1gghlg0i9r4su8up17l",
            "fqdn": "lighthouse-0.ru-central1.internal",
            "gpu_cluster_id": "",
            "hardware_generation": [
              {
                "generation2_features": [],
                "legacy_features": [
                  {
                    "pci_topology": "PCI_TOPOLOGY_V1"
                  }
                ]
              }
            ],
            "hostname": "lighthouse-0",
            "id": "fhmm07bj5k4tf1hrfo9f",
            "labels": {
              "project": "undefined"
            },
            "local_disk": [],
            "maintenance_grace_period": "",
            "maintenance_policy": null,
            "metadata": {
              "serial-port-enable": "1",
              "user-data": "#cloud-config\nusers:\n  - name: sergey\n    groups: sudo\n    shell: /bin/bash\n    sudo: ['ALL=(ALL) NOPASSWD:ALL']\n    ssh_authorized_keys:\n      - ssh-ed25519 AAAAC3NzaC1lZDI1NTE5AAAAIIMgGWoQ3haggyGQdiK+jK07LGfl3IumtrnLSpm/ENNs yandex cloud\n\npackage_update: true\npackage_upgrade: false\npackages: [\"vim\"]"
            },
            "metadata_options": [
              {
                "aws_v1_http_endpoint": 1,
                "aws_v1_http_token": 2,
                "gce_http_endpoint": 1,
                "gce_http_token": 1
              }
            ],
            "name": "lighthouse-0",
            "network_acceleration_type": "standard",
            "network_interface": [
              {
                "dns_record": [],
                "index": 0,
                "ip_address": "10.0.1.33",
                "ipv4": true,
                "ipv6": false,
                "ipv6_address": "",
                "ipv6_dns_record": [],
                "mac_address": "d0:0d:16:01:d7:32",
                "nat": true,
                "nat_dns_record": [],
                "nat_ip_address": "89.169.152.71",
                "nat_ip_version": "IPV4",
                "security_group_ids": [],
                "subnet_id": "e9b3ib373eq5rdj5ikci"
              }
            ],
            "placement_policy": [
              {
                "host_affinity_rules": [],
                "placement_group_id": "",
                "placement_group_partition": 0
              }
            ],
            "platform_id": "standard-v1",
            "resources": [
              {
                "core_fraction": 5,
                "cores": 2,
                "gpus": 0,
                "memory": 2
              }
            ],
            "scheduling_policy": [
              {
                "preemptible": true
              }
            ],
            "secondary_disk": [],
            "service_account_id": "",
            "status": "running",
            "timeouts": null,
            "zone": "ru-central1-a"
          },
          "sensitive_attributes": [],
          "private": "eyJlMmJmYjczMC1lY2FhLTExZTYtOGY4OC0zNDM2M2JjN2M0YzAiOnsiY3JlYXRlIjozMDAwMDAwMDAwMDAsImRlbGV0ZSI6MzAwMDAwMDAwMDAwLCJ1cGRhdGUiOjMwMDAwMDAwMDAwMH0sInNjaGVtYV92ZXJzaW9uIjoiMSJ9",
          "dependencies": [
            "data.template_file.web_cloudinit",
            "module.lighthouse.data.yandex_compute_image.my_image",
            "module.vpc_prod.yandex_vpc_network.vpc",
            "module.vpc_prod.yandex_vpc_subnet.subnet"
          ]
        }
      ]
    },
    {
      "module": "module.vectors",
      "mode": "data",
      "type": "yandex_compute_image",
      "name": "my_image",
      "provider": "provider[\"registry.terraform.io/yandex-cloud/yandex\"]",
      "instances": [
        {
          "schema_version": 0,
          "attributes": {
            "created_at": "2025-03-10T11:03:32Z",
            "description": "ubuntu 20.04 lts",
            "family": "ubuntu-2004-lts",
            "folder_id": "standard-images",
            "hardware_generation": [
              {
                "generation2_features": [],
                "legacy_features": [
                  {
                    "pci_topology": "PCI_TOPOLOGY_V1"
                  }
                ]
              }
            ],
            "id": "fd84h56p8ucfgqroscfv",
            "image_id": "fd84h56p8ucfgqroscfv",
            "kms_key_id": null,
            "labels": {},
            "min_disk_size": 5,
            "name": "ubuntu-20-04-lts-v20250310",
            "os_type": "linux",
            "pooled": true,
            "product_ids": [
              "f2e2r5tivcajldch7367"
            ],
            "size": 4,
            "status": "ready"
          },
          "sensitive_attributes": []
        }
      ]
    },
    {
      "module": "module.vectors",
      "mode": "managed",
      "type": "yandex_compute_instance",
      "name": "vm",
      "provider": "provider[\"registry.terraform.io/yandex-cloud/yandex\"]",
      "instances": [
        {
          "index_key": 0,
          "schema_version": 1,
          "attributes": {
            "allow_recreate": null,
            "allow_stopping_for_update": true,
            "boot_disk": [
              {
                "auto_delete": true,
                "device_name": "fhmemna9joq06cnh3brk",
                "disk_id": "fhmemna9joq06cnh3brk",
                "initialize_params": [
                  {
                    "block_size": 4096,
                    "description": "",
                    "image_id": "fd84h56p8ucfgqroscfv",
                    "kms_key_id": "",
                    "name": "",
                    "size": 20,
                    "snapshot_id": "",
                    "type": "network-hdd"
                  }
                ],
                "mode": "READ_WRITE"
              }
            ],
            "created_at": "2025-03-12T10:06:01Z",
            "description": "TODO: description; {{terraform managed}}",
            "filesystem": [],
            "folder_id": "b1gghlg0i9r4su8up17l",
            "fqdn": "vector-0.ru-central1.internal",
            "gpu_cluster_id": "",
            "hardware_generation": [
              {
                "generation2_features": [],
                "legacy_features": [
                  {
                    "pci_topology": "PCI_TOPOLOGY_V1"
                  }
                ]
              }
            ],
            "hostname": "vector-0",
            "id": "fhm47hhs0h056hfih29f",
            "labels": {
              "project": "undefined"
            },
            "local_disk": [],
            "maintenance_grace_period": "",
            "maintenance_policy": null,
            "metadata": {
              "serial-port-enable": "1",
              "user-data": "#cloud-config\nusers:\n  - name: sergey\n    groups: sudo\n    shell: /bin/bash\n    sudo: ['ALL=(ALL) NOPASSWD:ALL']\n    ssh_authorized_keys:\n      - ssh-ed25519 AAAAC3NzaC1lZDI1NTE5AAAAIIMgGWoQ3haggyGQdiK+jK07LGfl3IumtrnLSpm/ENNs yandex cloud\n\npackage_update: true\npackage_upgrade: false\npackages: [\"vim\"]"
            },
            "metadata_options": [
              {
                "aws_v1_http_endpoint": 1,
                "aws_v1_http_token": 2,
                "gce_http_endpoint": 1,
                "gce_http_token": 1
              }
            ],
            "name": "vector-0",
            "network_acceleration_type": "standard",
            "network_interface": [
              {
                "dns_record": [],
                "index": 0,
                "ip_address": "10.0.1.21",
                "ipv4": true,
                "ipv6": false,
                "ipv6_address": "",
                "ipv6_dns_record": [],
                "mac_address": "d0:0d:43:c6:3c:04",
                "nat": true,
                "nat_dns_record": [],
                "nat_ip_address": "158.160.61.133",
                "nat_ip_version": "IPV4",
                "security_group_ids": [],
                "subnet_id": "e9b3ib373eq5rdj5ikci"
              }
            ],
            "placement_policy": [
              {
                "host_affinity_rules": [],
                "placement_group_id": "",
                "placement_group_partition": 0
              }
            ],
            "platform_id": "standard-v1",
            "resources": [
              {
                "core_fraction": 5,
                "cores": 2,
                "gpus": 0,
                "memory": 2
              }
            ],
            "scheduling_policy": [
              {
                "preemptible": true
              }
            ],
            "secondary_disk": [],
            "service_account_id": "",
            "status": "running",
            "timeouts": null,
            "zone": "ru-central1-a"
          },
          "sensitive_attributes": [],
          "private": "eyJlMmJmYjczMC1lY2FhLTExZTYtOGY4OC0zNDM2M2JjN2M0YzAiOnsiY3JlYXRlIjozMDAwMDAwMDAwMDAsImRlbGV0ZSI6MzAwMDAwMDAwMDAwLCJ1cGRhdGUiOjMwMDAwMDAwMDAwMH0sInNjaGVtYV92ZXJzaW9uIjoiMSJ9",
          "dependencies": [
            "data.template_file.web_cloudinit",
            "module.vectors.data.yandex_compute_image.my_image",
            "module.vpc_prod.yandex_vpc_network.vpc",
            "module.vpc_prod.yandex_vpc_subnet.subnet"
          ]
        },
        {
          "index_key": 1,
          "schema_version": 1,
          "attributes": {
            "allow_recreate": null,
            "allow_stopping_for_update": true,
            "boot_disk": [
              {
                "auto_delete": true,
                "device_name": "fhml25g1ai0rdovjbc6g",
                "disk_id": "fhml25g1ai0rdovjbc6g",
                "initialize_params": [
                  {
                    "block_size": 4096,
                    "description": "",
                    "image_id": "fd84h56p8ucfgqroscfv",
                    "kms_key_id": "",
                    "name": "",
                    "size": 20,
                    "snapshot_id": "",
                    "type": "network-hdd"
                  }
                ],
                "mode": "READ_WRITE"
              }
            ],
            "created_at": "2025-03-12T10:06:03Z",
            "description": "TODO: description; {{terraform managed}}",
            "filesystem": [],
            "folder_id": "b1gghlg0i9r4su8up17l",
            "fqdn": "vector-1.ru-central1.internal",
            "gpu_cluster_id": "",
            "hardware_generation": [
              {
                "generation2_features": [],
                "legacy_features": [
                  {
                    "pci_topology": "PCI_TOPOLOGY_V1"
                  }
                ]
              }
            ],
            "hostname": "vector-1",
            "id": "fhmuhig4gu5g8sucpllh",
            "labels": {
              "project": "undefined"
            },
            "local_disk": [],
            "maintenance_grace_period": "",
            "maintenance_policy": null,
            "metadata": {
              "serial-port-enable": "1",
              "user-data": "#cloud-config\nusers:\n  - name: sergey\n    groups: sudo\n    shell: /bin/bash\n    sudo: ['ALL=(ALL) NOPASSWD:ALL']\n    ssh_authorized_keys:\n      - ssh-ed25519 AAAAC3NzaC1lZDI1NTE5AAAAIIMgGWoQ3haggyGQdiK+jK07LGfl3IumtrnLSpm/ENNs yandex cloud\n\npackage_update: true\npackage_upgrade: false\npackages: [\"vim\"]"
            },
            "metadata_options": [
              {
                "aws_v1_http_endpoint": 1,
                "aws_v1_http_token": 2,
                "gce_http_endpoint": 1,
                "gce_http_token": 1
              }
            ],
            "name": "vector-1",
            "network_acceleration_type": "standard",
            "network_interface": [
              {
                "dns_record": [],
                "index": 0,
                "ip_address": "10.0.1.30",
                "ipv4": true,
                "ipv6": false,
                "ipv6_address": "",
                "ipv6_dns_record": [],
                "mac_address": "d0:0d:1e:8c:a0:48",
                "nat": true,
                "nat_dns_record": [],
                "nat_ip_address": "158.160.54.72",
                "nat_ip_version": "IPV4",
                "security_group_ids": [],
                "subnet_id": "e9b3ib373eq5rdj5ikci"
              }
            ],
            "placement_policy": [
              {
                "host_affinity_rules": [],
                "placement_group_id": "",
                "placement_group_partition": 0
              }
            ],
            "platform_id": "standard-v1",
            "resources": [
              {
                "core_fraction": 5,
                "cores": 2,
                "gpus": 0,
                "memory": 2
              }
            ],
            "scheduling_policy": [
              {
                "preemptible": true
              }
            ],
            "secondary_disk": [],
            "service_account_id": "",
            "status": "running",
            "timeouts": null,
            "zone": "ru-central1-a"
          },
          "sensitive_attributes": [],
          "private": "eyJlMmJmYjczMC1lY2FhLTExZTYtOGY4OC0zNDM2M2JjN2M0YzAiOnsiY3JlYXRlIjozMDAwMDAwMDAwMDAsImRlbGV0ZSI6MzAwMDAwMDAwMDAwLCJ1cGRhdGUiOjMwMDAwMDAwMDAwMH0sInNjaGVtYV92ZXJzaW9uIjoiMSJ9",
          "dependencies": [
            "data.template_file.web_cloudinit",
            "module.vectors.data.yandex_compute_image.my_image",
            "module.vpc_prod.yandex_vpc_network.vpc",
            "module.vpc_prod.yandex_vpc_subnet.subnet"
          ]
        }
      ]
    },
    {
      "module": "module.vpc_prod",
      "mode": "managed",
      "type": "yandex_vpc_network",
      "name": "vpc",
      "provider": "provider[\"registry.terraform.io/yandex-cloud/yandex\"]",
      "instances": [
        {
          "schema_version": 0,
          "attributes": {
            "created_at": "2025-03-12T10:05:58Z",
            "default_security_group_id": "enpv7njd3t6d8ve1lm62",
            "description": "",
            "folder_id": "b1gghlg0i9r4su8up17l",
            "id": "enpu2vd7bl76do6lu64e",
            "labels": {},
            "name": "production",
            "subnet_ids": [],
            "timeouts": null
          },
          "sensitive_attributes": [],
          "private": "eyJlMmJmYjczMC1lY2FhLTExZTYtOGY4OC0zNDM2M2JjN2M0YzAiOnsiY3JlYXRlIjo2MDAwMDAwMDAwMCwiZGVsZXRlIjo2MDAwMDAwMDAwMCwidXBkYXRlIjo2MDAwMDAwMDAwMH19"
        }
      ]
    },
    {
      "module": "module.vpc_prod",
      "mode": "managed",
      "type": "yandex_vpc_subnet",
      "name": "subnet",
      "provider": "provider[\"registry.terraform.io/yandex-cloud/yandex\"]",
      "instances": [
        {
          "index_key": "ru-central1-a",
          "schema_version": 0,
          "attributes": {
            "created_at": "2025-03-12T10:06:00Z",
            "description": "",
            "dhcp_options": [],
            "folder_id": "b1gghlg0i9r4su8up17l",
            "id": "e9b3ib373eq5rdj5ikci",
            "labels": {},
            "name": "production-ru-central1-a",
            "network_id": "enpu2vd7bl76do6lu64e",
            "route_table_id": "",
            "timeouts": null,
            "v4_cidr_blocks": [
              "10.0.1.0/24"
            ],
            "v6_cidr_blocks": [],
            "zone": "ru-central1-a"
          },
          "sensitive_attributes": [],
          "private": "eyJlMmJmYjczMC1lY2FhLTExZTYtOGY4OC0zNDM2M2JjN2M0YzAiOnsiY3JlYXRlIjoxODAwMDAwMDAwMDAsImRlbGV0ZSI6MTgwMDAwMDAwMDAwLCJ1cGRhdGUiOjE4MDAwMDAwMDAwMH19",
          "dependencies": [
            "module.vpc_prod.yandex_vpc_network.vpc"
          ]
        }
      ]
    }
  ],
  "check_results": [
    {
      "object_kind": "var",
      "config_addr": "module.clickhouse.var.platform",
      "status": "pass",
      "objects": [
        {
          "object_addr": "module.clickhouse.var.platform",
          "status": "pass"
        }
      ]
    },
    {
      "object_kind": "var",
      "config_addr": "module.lighthouse.var.platform",
      "status": "pass",
      "objects": [
        {
          "object_addr": "module.lighthouse.var.platform",
          "status": "pass"
        }
      ]
    },
    {
      "object_kind": "var",
      "config_addr": "module.vectors.var.platform",
      "status": "pass",
      "objects": [
        {
          "object_addr": "module.vectors.var.platform",
          "status": "pass"
        }
      ]
    }
  ]
}
